// !$*UTF8*$!
{
	archiveVersion = 1;
	classes = {
	};
	objectVersion = 46;
	objects = {

/* Begin PBXBuildFile section */
		030590731E3AAAC000FFD8C1 /* main.swift in Sources */ = {isa = PBXBuildFile; fileRef = 030590721E3AAAC000FFD8C1 /* main.swift */; };
		0305907E1E3AAAE600FFD8C1 /* mehra.c in Sources */ = {isa = PBXBuildFile; fileRef = 030590791E3AAAE600FFD8C1 /* mehra.c */; };
		0305907F1E3AAAE600FFD8C1 /* normal_prb.c in Sources */ = {isa = PBXBuildFile; fileRef = 0305907B1E3AAAE600FFD8C1 /* normal_prb.c */; };
		030590801E3AAAE600FFD8C1 /* normal.c in Sources */ = {isa = PBXBuildFile; fileRef = 0305907C1E3AAAE600FFD8C1 /* normal.c */; };
/* End PBXBuildFile section */

/* Begin PBXCopyFilesBuildPhase section */
		0305906D1E3AAAC000FFD8C1 /* CopyFiles */ = {
			isa = PBXCopyFilesBuildPhase;
			buildActionMask = 2147483647;
			dstPath = /usr/share/man/man1/;
			dstSubfolderSpec = 0;
			files = (
			);
			runOnlyForDeploymentPostprocessing = 1;
		};
/* End PBXCopyFilesBuildPhase section */

/* Begin PBXFileReference section */
		0305906F1E3AAAC000FFD8C1 /* norm */ = {isa = PBXFileReference; explicitFileType = "compiled.mach-o.executable"; includeInIndex = 0; path = norm; sourceTree = BUILT_PRODUCTS_DIR; };
		030590721E3AAAC000FFD8C1 /* main.swift */ = {isa = PBXFileReference; lastKnownFileType = sourcecode.swift; path = main.swift; sourceTree = "<group>"; };
		030590791E3AAAE600FFD8C1 /* mehra.c */ = {isa = PBXFileReference; fileEncoding = 4; lastKnownFileType = sourcecode.c.c; name = mehra.c; path = ../../normal/mehra.c; sourceTree = "<group>"; };
		0305907A1E3AAAE600FFD8C1 /* mehra.h */ = {isa = PBXFileReference; fileEncoding = 4; lastKnownFileType = sourcecode.c.h; name = mehra.h; path = ../../normal/mehra.h; sourceTree = "<group>"; };
		0305907B1E3AAAE600FFD8C1 /* normal_prb.c */ = {isa = PBXFileReference; fileEncoding = 4; lastKnownFileType = sourcecode.c.c; name = normal_prb.c; path = ../../normal/normal_prb.c; sourceTree = "<group>"; };
		0305907C1E3AAAE600FFD8C1 /* normal.c */ = {isa = PBXFileReference; fileEncoding = 4; lastKnownFileType = sourcecode.c.c; name = normal.c; path = ../../normal/normal.c; sourceTree = "<group>"; };
		0305907D1E3AAAE600FFD8C1 /* normal.h */ = {isa = PBXFileReference; fileEncoding = 4; lastKnownFileType = sourcecode.c.h; name = normal.h; path = ../../normal/normal.h; sourceTree = "<group>"; };
/* End PBXFileReference section */

/* Begin PBXFrameworksBuildPhase section */
		0305906C1E3AAAC000FFD8C1 /* Frameworks */ = {
			isa = PBXFrameworksBuildPhase;
			buildActionMask = 2147483647;
			files = (
			);
			runOnlyForDeploymentPostprocessing = 0;
		};
/* End PBXFrameworksBuildPhase section */

/* Begin PBXGroup section */
		030590661E3AAAC000FFD8C1 = {
			isa = PBXGroup;
			children = (
				030590711E3AAAC000FFD8C1 /* norm */,
				030590701E3AAAC000FFD8C1 /* Products */,
			);
			sourceTree = "<group>";
		};
		030590701E3AAAC000FFD8C1 /* Products */ = {
			isa = PBXGroup;
			children = (
				0305906F1E3AAAC000FFD8C1 /* norm */,
			);
			name = Products;
			sourceTree = "<group>";
		};
		030590711E3AAAC000FFD8C1 /* norm */ = {
			isa = PBXGroup;
			children = (
				030590791E3AAAE600FFD8C1 /* mehra.c */,
				0305907A1E3AAAE600FFD8C1 /* mehra.h */,
				0305907B1E3AAAE600FFD8C1 /* normal_prb.c */,
				0305907C1E3AAAE600FFD8C1 /* normal.c */,
				0305907D1E3AAAE600FFD8C1 /* normal.h */,
				030590721E3AAAC000FFD8C1 /* main.swift */,
			);
			path = norm;
			sourceTree = "<group>";
		};
/* End PBXGroup section */

/* Begin PBXNativeTarget section */
		0305906E1E3AAAC000FFD8C1 /* norm */ = {
			isa = PBXNativeTarget;
			buildConfigurationList = 030590761E3AAAC000FFD8C1 /* Build configuration list for PBXNativeTarget "norm" */;
			buildPhases = (
				0305906B1E3AAAC000FFD8C1 /* Sources */,
				0305906C1E3AAAC000FFD8C1 /* Frameworks */,
				0305906D1E3AAAC000FFD8C1 /* CopyFiles */,
			);
			buildRules = (
			);
			dependencies = (
			);
			name = norm;
			productName = norm;
			productReference = 0305906F1E3AAAC000FFD8C1 /* norm */;
			productType = "com.apple.product-type.tool";
		};
/* End PBXNativeTarget section */

/* Begin PBXProject section */
		030590671E3AAAC000FFD8C1 /* Project object */ = {
			isa = PBXProject;
			attributes = {
				LastSwiftUpdateCheck = 0820;
				LastUpgradeCheck = 0820;
				ORGANIZATIONNAME = "Dillon Flannery-Valadez";
				TargetAttributes = {
					0305906E1E3AAAC000FFD8C1 = {
						CreatedOnToolsVersion = 8.2.1;
						LastSwiftMigration = 0820;
						ProvisioningStyle = Automatic;
					};
				};
			};
			buildConfigurationList = 0305906A1E3AAAC000FFD8C1 /* Build configuration list for PBXProject "norm" */;
			compatibilityVersion = "Xcode 3.2";
			developmentRegion = English;
			hasScannedForEncodings = 0;
			knownRegions = (
				en,
			);
			mainGroup = 030590661E3AAAC000FFD8C1;
			productRefGroup = 030590701E3AAAC000FFD8C1 /* Products */;
			projectDirPath = "";
			projectRoot = "";
			targets = (
				0305906E1E3AAAC000FFD8C1 /* norm */,
			);
		};
/* End PBXProject section */

/* Begin PBXSourcesBuildPhase section */
		0305906B1E3AAAC000FFD8C1 /* Sources */ = {
			isa = PBXSourcesBuildPhase;
			buildActionMask = 2147483647;
			files = (
				0305907F1E3AAAE600FFD8C1 /* normal_prb.c in Sources */,
				030590731E3AAAC000FFD8C1 /* main.swift in Sources */,
				030590801E3AAAE600FFD8C1 /* normal.c in Sources */,
				0305907E1E3AAAE600FFD8C1 /* mehra.c in Sources */,
			);
			runOnlyForDeploymentPostprocessing = 0;
		};
/* End PBXSourcesBuildPhase section */

/* Begin XCBuildConfiguration section */
		030590741E3AAAC000FFD8C1 /* Debug */ = {
			isa = XCBuildConfiguration;
			buildSettings = {
				ALWAYS_SEARCH_USER_PATHS = NO;
				CLANG_ANALYZER_NONNULL = YES;
				CLANG_CXX_LANGUAGE_STANDARD = "gnu++0x";
				CLANG_CXX_LIBRARY = "libc++";
				CLANG_ENABLE_MODULES = YES;
				CLANG_ENABLE_OBJC_ARC = YES;
				CLANG_WARN_BOOL_CONVERSION = YES;
				CLANG_WARN_CONSTANT_CONVERSION = YES;
				CLANG_WARN_DIRECT_OBJC_ISA_USAGE = YES_ERROR;
				CLANG_WARN_DOCUMENTATION_COMMENTS = YES;
				CLANG_WARN_EMPTY_BODY = YES;
				CLANG_WARN_ENUM_CONVERSION = YES;
				CLANG_WARN_INFINITE_RECURSION = YES;
				CLANG_WARN_INT_CONVERSION = YES;
				CLANG_WARN_OBJC_ROOT_CLASS = YES_ERROR;
				CLANG_WARN_SUSPICIOUS_MOVE = YES;
				CLANG_WARN_UNREACHABLE_CODE = YES;
				CLANG_WARN__DUPLICATE_METHOD_MATCH = YES;
				CODE_SIGN_IDENTITY = "-";
				COPY_PHASE_STRIP = NO;
				DEBUG_INFORMATION_FORMAT = dwarf;
				ENABLE_STRICT_OBJC_MSGSEND = YES;
				ENABLE_TESTABILITY = YES;
				GCC_C_LANGUAGE_STANDARD = gnu99;
				GCC_DYNAMIC_NO_PIC = NO;
				GCC_NO_COMMON_BLOCKS = YES;
				GCC_OPTIMIZATION_LEVEL = 0;
				GCC_PREPROCESSOR_DEFINITIONS = (
					"DEBUG=1",
					"$(inherited)",
				);
				GCC_WARN_64_TO_32_BIT_CONVERSION = YES;
				GCC_WARN_ABOUT_RETURN_TYPE = YES_ERROR;
				GCC_WARN_UNDECLARED_SELECTOR = YES;
				GCC_WARN_UNINITIALIZED_AUTOS = YES_AGGRESSIVE;
				GCC_WARN_UNUSED_FUNCTION = YES;
				GCC_WARN_UNUSED_VARIABLE = YES;
				MACOSX_DEPLOYMENT_TARGET = 10.11;
				MTL_ENABLE_DEBUG_INFO = YES;
				ONLY_ACTIVE_ARCH = YES;
				SDKROOT = macosx;
				SWIFT_OPTIMIZATION_LEVEL = "-Onone";
			};
			name = Debug;
		};
		030590751E3AAAC000FFD8C1 /* Release */ = {
			isa = XCBuildConfiguration;
			buildSettings = {
				ALWAYS_SEARCH_USER_PATHS = NO;
				CLANG_ANALYZER_NONNULL = YES;
				CLANG_CXX_LANGUAGE_STANDARD = "gnu++0x";
				CLANG_CXX_LIBRARY = "libc++";
				CLANG_ENABLE_MODULES = YES;
				CLANG_ENABLE_OBJC_ARC = YES;
				CLANG_WARN_BOOL_CONVERSION = YES;
				CLANG_WARN_CONSTANT_CONVERSION = YES;
				CLANG_WARN_DIRECT_OBJC_ISA_USAGE = YES_ERROR;
				CLANG_WARN_DOCUMENTATION_COMMENTS = YES;
				CLANG_WARN_EMPTY_BODY = YES;
				CLANG_WARN_ENUM_CONVERSION = YES;
				CLANG_WARN_INFINITE_RECURSION = YES;
				CLANG_WARN_INT_CONVERSION = YES;
				CLANG_WARN_OBJC_ROOT_CLASS = YES_ERROR;
				CLANG_WARN_SUSPICIOUS_MOVE = YES;
				CLANG_WARN_UNREACHABLE_CODE = YES;
				CLANG_WARN__DUPLICATE_METHOD_MATCH = YES;
				CODE_SIGN_IDENTITY = "-";
				COPY_PHASE_STRIP = NO;
				DEBUG_INFORMATION_FORMAT = "dwarf-with-dsym";
				ENABLE_NS_ASSERTIONS = NO;
				ENABLE_STRICT_OBJC_MSGSEND = YES;
				GCC_C_LANGUAGE_STANDARD = gnu99;
				GCC_NO_COMMON_BLOCKS = YES;
				GCC_WARN_64_TO_32_BIT_CONVERSION = YES;
				GCC_WARN_ABOUT_RETURN_TYPE = YES_ERROR;
				GCC_WARN_UNDECLARED_SELECTOR = YES;
				GCC_WARN_UNINITIALIZED_AUTOS = YES_AGGRESSIVE;
				GCC_WARN_UNUSED_FUNCTION = YES;
				GCC_WARN_UNUSED_VARIABLE = YES;
				MACOSX_DEPLOYMENT_TARGET = 10.11;
				MTL_ENABLE_DEBUG_INFO = NO;
				SDKROOT = macosx;
			};
			name = Release;
		};
		030590771E3AAAC000FFD8C1 /* Debug */ = {
			isa = XCBuildConfiguration;
			buildSettings = {
				CLANG_ENABLE_MODULES = YES;
				LD_RUNPATH_SEARCH_PATHS = "$(inherited) @executable_path/../Frameworks @loader_path/../Frameworks";
				PRODUCT_NAME = "$(TARGET_NAME)";
				SWIFT_OPTIMIZATION_LEVEL = "-Onone";
				SWIFT_VERSION = 3.0;
			};
			name = Debug;
		};
		030590781E3AAAC000FFD8C1 /* Release */ = {
			isa = XCBuildConfiguration;
			buildSettings = {
				CLANG_ENABLE_MODULES = YES;
				LD_RUNPATH_SEARCH_PATHS = "$(inherited) @executable_path/../Frameworks @loader_path/../Frameworks";
				PRODUCT_NAME = "$(TARGET_NAME)";
				SWIFT_VERSION = 3.0;
			};
			name = Release;
		};
/* End XCBuildConfiguration section */

/* Begin XCConfigurationList section */
		0305906A1E3AAAC000FFD8C1 /* Build configuration list for PBXProject "norm" */ = {
			isa = XCConfigurationList;
			buildConfigurations = (
				030590741E3AAAC000FFD8C1 /* Debug */,
				030590751E3AAAC000FFD8C1 /* Release */,
			);
			defaultConfigurationIsVisible = 0;
			defaultConfigurationName = Release;
		};
		030590761E3AAAC000FFD8C1 /* Build configuration list for PBXNativeTarget "norm" */ = {
			isa = XCConfigurationList;
			buildConfigurations = (
				030590771E3AAAC000FFD8C1 /* Debug */,
				030590781E3AAAC000FFD8C1 /* Release */,
			);
			defaultConfigurationIsVisible = 0;
		};
/* End XCConfigurationList section */
	};
	rootObject = 030590671E3AAAC000FFD8C1 /* Project object */;
}
